<?xml version="1.0" encoding="utf-8"?>
<Project ToolsVersion="4.0" xmlns="http://schemas.microsoft.com/developer/msbuild/2003">
  <ItemGroup>
    <Filter Include="Daevon">
      <UniqueIdentifier>{627F92AD-4E21-BD83-37DC-D0D7231D44D4}</UniqueIdentifier>
    </Filter>
  </ItemGroup>
  <ItemGroup>
    <ClInclude Include="src\Daevon.h" />
    <ClInclude Include="src\Daevon\Application.h">
      <Filter>Daevon</Filter>
    </ClInclude>
    <ClInclude Include="src\Daevon\Core.h">
      <Filter>Daevon</Filter>
    </ClInclude>
    <ClInclude Include="src\Daevon\EntryPoint.h">
      <Filter>Daevon</Filter>
    </ClInclude>
    <ClInclude Include="src\Daevon\Log.h">
      <Filter>Daevon</Filter>
    </ClInclude>
  </ItemGroup>
  <ItemGroup>
    <ClCompile Include="src\Daevon\Application.cpp">
      <Filter>Daevon</Filter>
    </ClCompile>
    <ClCompile Include="src\Daevon\Log.cpp">
      <Filter>Daevon</Filter>
    </ClCompile>
  </ItemGroup>
</Project>